
Microsoft Visual Studio Solution File, Format Version 12.00
# Visual Studio Version 17
VisualStudioVersion = 17.8.34004.107
MinimumVisualStudioVersion = 10.0.40219.1
Project("{FAE04EC0-301F-11D3-BF4B-00C04F79EFBC}") = "Point", "Point\Point.csproj", "{0AC2E218-9FDE-4843-A84E-98CF4A45FE45}"
EndProject
Global
	GlobalSection(SolutionConfigurationPlatforms) = preSolution
		Debug|Any CPU = Debug|Any CPU
		Release|Any CPU = Release|Any CPU
	EndGlobalSection
	GlobalSection(ProjectConfigurationPlatforms) = postSolution
		{0AC2E218-9FDE-4843-A84E-98CF4A45FE45}.Debug|Any CPU.ActiveCfg = Debug|Any CPU
		{0AC2E218-9FDE-4843-A84E-98CF4A45FE45}.Debug|Any CPU.Build.0 = Debug|Any CPU
		{0AC2E218-9FDE-4843-A84E-98CF4A45FE45}.Release|Any CPU.ActiveCfg = Release|Any CPU
		{0AC2E218-9FDE-4843-A84E-98CF4A45FE45}.Release|Any CPU.Build.0 = Release|Any CPU
	EndGlobalSection
	GlobalSection(SolutionProperties) = preSolution
		HideSolutionNode = FALSE
	EndGlobalSection
	GlobalSection(ExtensibilityGlobals) = postSolution
		SolutionGuid = {9AD214AB-57A5-4C35-9A69-D2B7040CB86E}
	EndGlobalSection
EndGlobal
